
Microsoft Visual Studio Solution File, Format Version 12.00
# Visual Studio Version 17
VisualStudioVersion = 17.13.35931.197 d17.13
MinimumVisualStudioVersion = 10.0.40219.1
Project("{FAE04EC0-301F-11D3-BF4B-00C04F79EFBC}") = "ReverseString", "ReverseString\ReverseString.csproj", "{F29EA24A-53B6-4D02-8DDF-A5311154DDBA}"
EndProject
Global
	GlobalSection(SolutionConfigurationPlatforms) = preSolution
		Debug|Any CPU = Debug|Any CPU
		Release|Any CPU = Release|Any CPU
	EndGlobalSection
	GlobalSection(ProjectConfigurationPlatforms) = postSolution
		{F29EA24A-53B6-4D02-8DDF-A5311154DDBA}.Debug|Any CPU.ActiveCfg = Debug|Any CPU
		{F29EA24A-53B6-4D02-8DDF-A5311154DDBA}.Debug|Any CPU.Build.0 = Debug|Any CPU
		{F29EA24A-53B6-4D02-8DDF-A5311154DDBA}.Release|Any CPU.ActiveCfg = Release|Any CPU
		{F29EA24A-53B6-4D02-8DDF-A5311154DDBA}.Release|Any CPU.Build.0 = Release|Any CPU
	EndGlobalSection
	GlobalSection(SolutionProperties) = preSolution
		HideSolutionNode = FALSE
	EndGlobalSection
	GlobalSection(ExtensibilityGlobals) = postSolution
		SolutionGuid = {29B9D3A0-0099-4538-B061-42DF61D90CF7}
	EndGlobalSection
EndGlobal
